
Microsoft Visual Studio Solution File, Format Version 12.00
# Visual Studio 15
VisualStudioVersion = 15.0.26730.16
MinimumVisualStudioVersion = 10.0.40219.1
Project("{FAE04EC0-301F-11D3-BF4B-00C04F79EFBC}") = "Monopoly_Banker", "Monopoly_Banker\Monopoly_Banker.csproj", "{CF136C6B-A5EE-43D8-8A33-5068EC5E7813}"
EndProject
Global
	GlobalSection(SolutionConfigurationPlatforms) = preSolution
		Debug|Any CPU = Debug|Any CPU
		Release|Any CPU = Release|Any CPU
	EndGlobalSection
	GlobalSection(ProjectConfigurationPlatforms) = postSolution
		{CF136C6B-A5EE-43D8-8A33-5068EC5E7813}.Debug|Any CPU.ActiveCfg = Debug|Any CPU
		{CF136C6B-A5EE-43D8-8A33-5068EC5E7813}.Debug|Any CPU.Build.0 = Debug|Any CPU
		{CF136C6B-A5EE-43D8-8A33-5068EC5E7813}.Release|Any CPU.ActiveCfg = Release|Any CPU
		{CF136C6B-A5EE-43D8-8A33-5068EC5E7813}.Release|Any CPU.Build.0 = Release|Any CPU
	EndGlobalSection
	GlobalSection(SolutionProperties) = preSolution
		HideSolutionNode = FALSE
	EndGlobalSection
	GlobalSection(ExtensibilityGlobals) = postSolution
		SolutionGuid = {D2D951B1-173A-4455-B86E-C9F668E7C367}
	EndGlobalSection
EndGlobal
